
Microsoft Visual Studio Solution File, Format Version 12.00
# Visual Studio Version 17
VisualStudioVersion = 17.9.34616.47
MinimumVisualStudioVersion = 10.0.40219.1
Project("{FAE04EC0-301F-11D3-BF4B-00C04F79EFBC}") = "MockTest", "MockTest.csproj", "{58ABADE8-619E-4FFB-A3B1-551C3CF50E73}"
EndProject
Project("{FAE04EC0-301F-11D3-BF4B-00C04F79EFBC}") = "Test", "..\Test\Test.csproj", "{864D29E9-A5D4-447D-8615-CF0E68215F9C}"
EndProject
Global
	GlobalSection(SolutionConfigurationPlatforms) = preSolution
		Debug|Any CPU = Debug|Any CPU
		Release|Any CPU = Release|Any CPU
	EndGlobalSection
	GlobalSection(ProjectConfigurationPlatforms) = postSolution
		{58ABADE8-619E-4FFB-A3B1-551C3CF50E73}.Debug|Any CPU.ActiveCfg = Debug|Any CPU
		{58ABADE8-619E-4FFB-A3B1-551C3CF50E73}.Debug|Any CPU.Build.0 = Debug|Any CPU
		{58ABADE8-619E-4FFB-A3B1-551C3CF50E73}.Release|Any CPU.ActiveCfg = Release|Any CPU
		{58ABADE8-619E-4FFB-A3B1-551C3CF50E73}.Release|Any CPU.Build.0 = Release|Any CPU
		{864D29E9-A5D4-447D-8615-CF0E68215F9C}.Debug|Any CPU.ActiveCfg = Debug|Any CPU
		{864D29E9-A5D4-447D-8615-CF0E68215F9C}.Debug|Any CPU.Build.0 = Debug|Any CPU
		{864D29E9-A5D4-447D-8615-CF0E68215F9C}.Release|Any CPU.ActiveCfg = Release|Any CPU
		{864D29E9-A5D4-447D-8615-CF0E68215F9C}.Release|Any CPU.Build.0 = Release|Any CPU
	EndGlobalSection
	GlobalSection(SolutionProperties) = preSolution
		HideSolutionNode = FALSE
	EndGlobalSection
	GlobalSection(ExtensibilityGlobals) = postSolution
		SolutionGuid = {FC865113-9BBC-4F79-947A-CCABC8F62754}
	EndGlobalSection
EndGlobal
